
Microsoft Visual Studio Solution File, Format Version 11.00
# Visual Studio 2010
Project("{FAE04EC0-301F-11D3-BF4B-00C04F79EFBC}") = "GJ.USER.APP", "GJ.USER.APP\GJ.USER.APP\GJ.USER.APP.csproj", "{E8DADD29-91F6-4730-A833-D4B3F5DB7EBC}"
EndProject
Project("{FAE04EC0-301F-11D3-BF4B-00C04F79EFBC}") = "GJ.COM", "Import\GJ.COM\GJ.COM\GJ.COM.csproj", "{1366E787-328E-4379-A16B-2DF73F886C9E}"
EndProject
Project("{FAE04EC0-301F-11D3-BF4B-00C04F79EFBC}") = "GJ.DEV", "Import\GJ.DEV\GJ.DEV\GJ.DEV.csproj", "{E642316B-31E9-45A6-8364-3605EFD3E3D4}"
EndProject
Project("{FAE04EC0-301F-11D3-BF4B-00C04F79EFBC}") = "GJ.DEV.BARCODE", "Import\GJ.DEV.BARCODE\GJ.DEV.BARCODE\GJ.DEV.BARCODE.csproj", "{233E801D-180C-4B7B-8057-9AA0A874F7F9}"
EndProject
Project("{FAE04EC0-301F-11D3-BF4B-00C04F79EFBC}") = "GJ.DEV.COM", "Import\GJ.DEV.COM\GJ.DEV.COM\GJ.DEV.COM.csproj", "{116D52F1-D3A4-4CAF-8DE1-7CFFAE2F69D9}"
EndProject
Project("{FAE04EC0-301F-11D3-BF4B-00C04F79EFBC}") = "GJ.DEV.HIPOT", "Import\GJ.DEV.HIPOT\GJ.DEV.HIPOT\GJ.DEV.HIPOT.csproj", "{3AA95A58-2B92-493E-8A96-99E4A595984A}"
EndProject
Project("{FAE04EC0-301F-11D3-BF4B-00C04F79EFBC}") = "GJ.DEV.PLC", "Import\GJ.DEV.PLC\GJ.DEV.PLC\GJ.DEV.PLC.csproj", "{5008C5B8-2E4F-44E4-8309-34E7FC4E4B5C}"
EndProject
Project("{FAE04EC0-301F-11D3-BF4B-00C04F79EFBC}") = "GJ.MES", "Import\GJ.MES\GJ.MES\GJ.MES.csproj", "{105487E0-5882-419B-A6EB-E1DB71CF9C7F}"
EndProject
Project("{FAE04EC0-301F-11D3-BF4B-00C04F79EFBC}") = "GJ.TOOL", "Import\GJ.TOOL\GJ.TOOL\GJ.TOOL.csproj", "{4AD6CE2F-AEAA-45DB-86B7-229AEF310A9C}"
EndProject
Project("{FAE04EC0-301F-11D3-BF4B-00C04F79EFBC}") = "GJ.UI", "Import\GJ.UI\GJ.UI.csproj", "{6A2F34CF-C099-4A9B-942F-A46994D1924B}"
EndProject
Project("{FAE04EC0-301F-11D3-BF4B-00C04F79EFBC}") = "GJ.Iot", "Import\GJ.Iot\GJ.Iot.csproj", "{17688E09-BB69-4597-828B-3A903FB59F62}"
EndProject
Project("{FAE04EC0-301F-11D3-BF4B-00C04F79EFBC}") = "GJ.KunX.ATE", "GJ.KunX.ATE\GJ.KunX.ATE.csproj", "{6F657DBD-F4E0-4DE7-B6B3-C5B9A8EE9C2C}"
EndProject
Project("{FAE04EC0-301F-11D3-BF4B-00C04F79EFBC}") = "GJ.KunX.SFCS", "GJ.KunX.SFCS\GJ.KunX.SFCS.csproj", "{61CFAF23-F1D1-4A57-AA7A-CC6E982C0561}"
EndProject
Project("{FAE04EC0-301F-11D3-BF4B-00C04F79EFBC}") = "GJ.KunX.HIPOT", "GJ.KunX.HIPOT\GJ.KunX.HIPOT.csproj", "{D3776E45-E1C4-4570-894F-4CBDF3C80BBD}"
EndProject
Project("{FAE04EC0-301F-11D3-BF4B-00C04F79EFBC}") = "GJ.KunX.UNLOAD", "GJ.KunX.UNLOAD\GJ.KunX.UNLOAD.csproj", "{EE7A5FD8-6340-47D9-8871-A2786D73BCA5}"
EndProject
Project("{FAE04EC0-301F-11D3-BF4B-00C04F79EFBC}") = "GJ.SFCS", "Import\GJ.SFCS\GJ.SFCS.csproj", "{25318508-2556-439E-81EB-C582DE681CB5}"
EndProject
Project("{FAE04EC0-301F-11D3-BF4B-00C04F79EFBC}") = "GJ.WndCom", "Import\GJ.WndCom\GJ.WndCom.csproj", "{2FD3D1A6-1154-4677-A960-29DA633FFACC}"
EndProject
Project("{FAE04EC0-301F-11D3-BF4B-00C04F79EFBC}") = "GJ.KunX.LOADUP", "GJ.KunX.LOADUP\GJ.KunX.LOADUP.csproj", "{92E31FA4-E1B5-4D4D-B9CF-00C647F109B5}"
EndProject
Project("{FAE04EC0-301F-11D3-BF4B-00C04F79EFBC}") = "GJ.KunX.BURNIN", "GJ.KunX.BURNIN\GJ.KunX.BURNIN.csproj", "{D762D873-6E3C-42B6-A67E-62428D4384FD}"
EndProject
Global
	GlobalSection(SolutionConfigurationPlatforms) = preSolution
		Debug|Any CPU = Debug|Any CPU
		Debug|Mixed Platforms = Debug|Mixed Platforms
		Debug|x86 = Debug|x86
		Release|Any CPU = Release|Any CPU
		Release|Mixed Platforms = Release|Mixed Platforms
		Release|x86 = Release|x86
	EndGlobalSection
	GlobalSection(ProjectConfigurationPlatforms) = postSolution
		{E8DADD29-91F6-4730-A833-D4B3F5DB7EBC}.Debug|Any CPU.ActiveCfg = Debug|Any CPU
		{E8DADD29-91F6-4730-A833-D4B3F5DB7EBC}.Debug|Any CPU.Build.0 = Debug|Any CPU
		{E8DADD29-91F6-4730-A833-D4B3F5DB7EBC}.Debug|Mixed Platforms.ActiveCfg = Debug|Any CPU
		{E8DADD29-91F6-4730-A833-D4B3F5DB7EBC}.Debug|Mixed Platforms.Build.0 = Debug|Any CPU
		{E8DADD29-91F6-4730-A833-D4B3F5DB7EBC}.Debug|x86.ActiveCfg = Debug|Any CPU
		{E8DADD29-91F6-4730-A833-D4B3F5DB7EBC}.Release|Any CPU.ActiveCfg = Release|Any CPU
		{E8DADD29-91F6-4730-A833-D4B3F5DB7EBC}.Release|Any CPU.Build.0 = Release|Any CPU
		{E8DADD29-91F6-4730-A833-D4B3F5DB7EBC}.Release|Mixed Platforms.ActiveCfg = Release|Any CPU
		{E8DADD29-91F6-4730-A833-D4B3F5DB7EBC}.Release|Mixed Platforms.Build.0 = Release|Any CPU
		{E8DADD29-91F6-4730-A833-D4B3F5DB7EBC}.Release|x86.ActiveCfg = Release|Any CPU
		{1366E787-328E-4379-A16B-2DF73F886C9E}.Debug|Any CPU.ActiveCfg = Debug|Any CPU
		{1366E787-328E-4379-A16B-2DF73F886C9E}.Debug|Any CPU.Build.0 = Debug|Any CPU
		{1366E787-328E-4379-A16B-2DF73F886C9E}.Debug|Mixed Platforms.ActiveCfg = Debug|Any CPU
		{1366E787-328E-4379-A16B-2DF73F886C9E}.Debug|Mixed Platforms.Build.0 = Debug|Any CPU
		{1366E787-328E-4379-A16B-2DF73F886C9E}.Debug|x86.ActiveCfg = Debug|Any CPU
		{1366E787-328E-4379-A16B-2DF73F886C9E}.Release|Any CPU.ActiveCfg = Release|Any CPU
		{1366E787-328E-4379-A16B-2DF73F886C9E}.Release|Any CPU.Build.0 = Release|Any CPU
		{1366E787-328E-4379-A16B-2DF73F886C9E}.Release|Mixed Platforms.ActiveCfg = Release|Any CPU
		{1366E787-328E-4379-A16B-2DF73F886C9E}.Release|Mixed Platforms.Build.0 = Release|Any CPU
		{1366E787-328E-4379-A16B-2DF73F886C9E}.Release|x86.ActiveCfg = Release|Any CPU
		{E642316B-31E9-45A6-8364-3605EFD3E3D4}.Debug|Any CPU.ActiveCfg = Debug|Any CPU
		{E642316B-31E9-45A6-8364-3605EFD3E3D4}.Debug|Any CPU.Build.0 = Debug|Any CPU
		{E642316B-31E9-45A6-8364-3605EFD3E3D4}.Debug|Mixed Platforms.ActiveCfg = Debug|Any CPU
		{E642316B-31E9-45A6-8364-3605EFD3E3D4}.Debug|Mixed Platforms.Build.0 = Debug|Any CPU
		{E642316B-31E9-45A6-8364-3605EFD3E3D4}.Debug|x86.ActiveCfg = Debug|Any CPU
		{E642316B-31E9-45A6-8364-3605EFD3E3D4}.Release|Any CPU.ActiveCfg = Release|Any CPU
		{E642316B-31E9-45A6-8364-3605EFD3E3D4}.Release|Any CPU.Build.0 = Release|Any CPU
		{E642316B-31E9-45A6-8364-3605EFD3E3D4}.Release|Mixed Platforms.ActiveCfg = Release|Any CPU
		{E642316B-31E9-45A6-8364-3605EFD3E3D4}.Release|Mixed Platforms.Build.0 = Release|Any CPU
		{E642316B-31E9-45A6-8364-3605EFD3E3D4}.Release|x86.ActiveCfg = Release|Any CPU
		{233E801D-180C-4B7B-8057-9AA0A874F7F9}.Debug|Any CPU.ActiveCfg = Debug|Any CPU
		{233E801D-180C-4B7B-8057-9AA0A874F7F9}.Debug|Any CPU.Build.0 = Debug|Any CPU
		{233E801D-180C-4B7B-8057-9AA0A874F7F9}.Debug|Mixed Platforms.ActiveCfg = Debug|Any CPU
		{233E801D-180C-4B7B-8057-9AA0A874F7F9}.Debug|Mixed Platforms.Build.0 = Debug|Any CPU
		{233E801D-180C-4B7B-8057-9AA0A874F7F9}.Debug|x86.ActiveCfg = Debug|Any CPU
		{233E801D-180C-4B7B-8057-9AA0A874F7F9}.Release|Any CPU.ActiveCfg = Release|Any CPU
		{233E801D-180C-4B7B-8057-9AA0A874F7F9}.Release|Any CPU.Build.0 = Release|Any CPU
		{233E801D-180C-4B7B-8057-9AA0A874F7F9}.Release|Mixed Platforms.ActiveCfg = Release|Any CPU
		{233E801D-180C-4B7B-8057-9AA0A874F7F9}.Release|Mixed Platforms.Build.0 = Release|Any CPU
		{233E801D-180C-4B7B-8057-9AA0A874F7F9}.Release|x86.ActiveCfg = Release|Any CPU
		{116D52F1-D3A4-4CAF-8DE1-7CFFAE2F69D9}.Debug|Any CPU.ActiveCfg = Debug|Any CPU
		{116D52F1-D3A4-4CAF-8DE1-7CFFAE2F69D9}.Debug|Any CPU.Build.0 = Debug|Any CPU
		{116D52F1-D3A4-4CAF-8DE1-7CFFAE2F69D9}.Debug|Mixed Platforms.ActiveCfg = Debug|Any CPU
		{116D52F1-D3A4-4CAF-8DE1-7CFFAE2F69D9}.Debug|Mixed Platforms.Build.0 = Debug|Any CPU
		{116D52F1-D3A4-4CAF-8DE1-7CFFAE2F69D9}.Debug|x86.ActiveCfg = Debug|Any CPU
		{116D52F1-D3A4-4CAF-8DE1-7CFFAE2F69D9}.Release|Any CPU.ActiveCfg = Release|Any CPU
		{116D52F1-D3A4-4CAF-8DE1-7CFFAE2F69D9}.Release|Any CPU.Build.0 = Release|Any CPU
		{116D52F1-D3A4-4CAF-8DE1-7CFFAE2F69D9}.Release|Mixed Platforms.ActiveCfg = Release|Any CPU
		{116D52F1-D3A4-4CAF-8DE1-7CFFAE2F69D9}.Release|Mixed Platforms.Build.0 = Release|Any CPU
		{116D52F1-D3A4-4CAF-8DE1-7CFFAE2F69D9}.Release|x86.ActiveCfg = Release|Any CPU
		{3AA95A58-2B92-493E-8A96-99E4A595984A}.Debug|Any CPU.ActiveCfg = Debug|Any CPU
		{3AA95A58-2B92-493E-8A96-99E4A595984A}.Debug|Any CPU.Build.0 = Debug|Any CPU
		{3AA95A58-2B92-493E-8A96-99E4A595984A}.Debug|Mixed Platforms.ActiveCfg = Debug|Any CPU
		{3AA95A58-2B92-493E-8A96-99E4A595984A}.Debug|Mixed Platforms.Build.0 = Debug|Any CPU
		{3AA95A58-2B92-493E-8A96-99E4A595984A}.Debug|x86.ActiveCfg = Debug|Any CPU
		{3AA95A58-2B92-493E-8A96-99E4A595984A}.Release|Any CPU.ActiveCfg = Release|Any CPU
		{3AA95A58-2B92-493E-8A96-99E4A595984A}.Release|Any CPU.Build.0 = Release|Any CPU
		{3AA95A58-2B92-493E-8A96-99E4A595984A}.Release|Mixed Platforms.ActiveCfg = Release|Any CPU
		{3AA95A58-2B92-493E-8A96-99E4A595984A}.Release|Mixed Platforms.Build.0 = Release|Any CPU
		{3AA95A58-2B92-493E-8A96-99E4A595984A}.Release|x86.ActiveCfg = Release|Any CPU
		{5008C5B8-2E4F-44E4-8309-34E7FC4E4B5C}.Debug|Any CPU.ActiveCfg = Debug|Any CPU
		{5008C5B8-2E4F-44E4-8309-34E7FC4E4B5C}.Debug|Any CPU.Build.0 = Debug|Any CPU
		{5008C5B8-2E4F-44E4-8309-34E7FC4E4B5C}.Debug|Mixed Platforms.ActiveCfg = Debug|Any CPU
		{5008C5B8-2E4F-44E4-8309-34E7FC4E4B5C}.Debug|Mixed Platforms.Build.0 = Debug|Any CPU
		{5008C5B8-2E4F-44E4-8309-34E7FC4E4B5C}.Debug|x86.ActiveCfg = Debug|Any CPU
		{5008C5B8-2E4F-44E4-8309-34E7FC4E4B5C}.Release|Any CPU.ActiveCfg = Release|Any CPU
		{5008C5B8-2E4F-44E4-8309-34E7FC4E4B5C}.Release|Any CPU.Build.0 = Release|Any CPU
		{5008C5B8-2E4F-44E4-8309-34E7FC4E4B5C}.Release|Mixed Platforms.ActiveCfg = Release|Any CPU
		{5008C5B8-2E4F-44E4-8309-34E7FC4E4B5C}.Release|Mixed Platforms.Build.0 = Release|Any CPU
		{5008C5B8-2E4F-44E4-8309-34E7FC4E4B5C}.Release|x86.ActiveCfg = Release|Any CPU
		{105487E0-5882-419B-A6EB-E1DB71CF9C7F}.Debug|Any CPU.ActiveCfg = Debug|Any CPU
		{105487E0-5882-419B-A6EB-E1DB71CF9C7F}.Debug|Any CPU.Build.0 = Debug|Any CPU
		{105487E0-5882-419B-A6EB-E1DB71CF9C7F}.Debug|Mixed Platforms.ActiveCfg = Debug|Any CPU
		{105487E0-5882-419B-A6EB-E1DB71CF9C7F}.Debug|Mixed Platforms.Build.0 = Debug|Any CPU
		{105487E0-5882-419B-A6EB-E1DB71CF9C7F}.Debug|x86.ActiveCfg = Debug|Any CPU
		{105487E0-5882-419B-A6EB-E1DB71CF9C7F}.Release|Any CPU.ActiveCfg = Release|Any CPU
		{105487E0-5882-419B-A6EB-E1DB71CF9C7F}.Release|Any CPU.Build.0 = Release|Any CPU
		{105487E0-5882-419B-A6EB-E1DB71CF9C7F}.Release|Mixed Platforms.ActiveCfg = Release|Any CPU
		{105487E0-5882-419B-A6EB-E1DB71CF9C7F}.Release|Mixed Platforms.Build.0 = Release|Any CPU
		{105487E0-5882-419B-A6EB-E1DB71CF9C7F}.Release|x86.ActiveCfg = Release|Any CPU
		{4AD6CE2F-AEAA-45DB-86B7-229AEF310A9C}.Debug|Any CPU.ActiveCfg = Debug|Any CPU
		{4AD6CE2F-AEAA-45DB-86B7-229AEF310A9C}.Debug|Any CPU.Build.0 = Debug|Any CPU
		{4AD6CE2F-AEAA-45DB-86B7-229AEF310A9C}.Debug|Mixed Platforms.ActiveCfg = Debug|Any CPU
		{4AD6CE2F-AEAA-45DB-86B7-229AEF310A9C}.Debug|Mixed Platforms.Build.0 = Debug|Any CPU
		{4AD6CE2F-AEAA-45DB-86B7-229AEF310A9C}.Debug|x86.ActiveCfg = Debug|Any CPU
		{4AD6CE2F-AEAA-45DB-86B7-229AEF310A9C}.Release|Any CPU.ActiveCfg = Release|Any CPU
		{4AD6CE2F-AEAA-45DB-86B7-229AEF310A9C}.Release|Any CPU.Build.0 = Release|Any CPU
		{4AD6CE2F-AEAA-45DB-86B7-229AEF310A9C}.Release|Mixed Platforms.ActiveCfg = Release|Any CPU
		{4AD6CE2F-AEAA-45DB-86B7-229AEF310A9C}.Release|Mixed Platforms.Build.0 = Release|Any CPU
		{4AD6CE2F-AEAA-45DB-86B7-229AEF310A9C}.Release|x86.ActiveCfg = Release|Any CPU
		{6A2F34CF-C099-4A9B-942F-A46994D1924B}.Debug|Any CPU.ActiveCfg = Debug|Any CPU
		{6A2F34CF-C099-4A9B-942F-A46994D1924B}.Debug|Any CPU.Build.0 = Debug|Any CPU
		{6A2F34CF-C099-4A9B-942F-A46994D1924B}.Debug|Mixed Platforms.ActiveCfg = Debug|Any CPU
		{6A2F34CF-C099-4A9B-942F-A46994D1924B}.Debug|Mixed Platforms.Build.0 = Debug|Any CPU
		{6A2F34CF-C099-4A9B-942F-A46994D1924B}.Debug|x86.ActiveCfg = Debug|Any CPU
		{6A2F34CF-C099-4A9B-942F-A46994D1924B}.Release|Any CPU.ActiveCfg = Release|Any CPU
		{6A2F34CF-C099-4A9B-942F-A46994D1924B}.Release|Any CPU.Build.0 = Release|Any CPU
		{6A2F34CF-C099-4A9B-942F-A46994D1924B}.Release|Mixed Platforms.ActiveCfg = Release|Any CPU
		{6A2F34CF-C099-4A9B-942F-A46994D1924B}.Release|Mixed Platforms.Build.0 = Release|Any CPU
		{6A2F34CF-C099-4A9B-942F-A46994D1924B}.Release|x86.ActiveCfg = Release|Any CPU
		{17688E09-BB69-4597-828B-3A903FB59F62}.Debug|Any CPU.ActiveCfg = Debug|Any CPU
		{17688E09-BB69-4597-828B-3A903FB59F62}.Debug|Any CPU.Build.0 = Debug|Any CPU
		{17688E09-BB69-4597-828B-3A903FB59F62}.Debug|Mixed Platforms.ActiveCfg = Debug|Any CPU
		{17688E09-BB69-4597-828B-3A903FB59F62}.Debug|Mixed Platforms.Build.0 = Debug|Any CPU
		{17688E09-BB69-4597-828B-3A903FB59F62}.Debug|x86.ActiveCfg = Debug|Any CPU
		{17688E09-BB69-4597-828B-3A903FB59F62}.Release|Any CPU.ActiveCfg = Release|Any CPU
		{17688E09-BB69-4597-828B-3A903FB59F62}.Release|Any CPU.Build.0 = Release|Any CPU
		{17688E09-BB69-4597-828B-3A903FB59F62}.Release|Mixed Platforms.ActiveCfg = Release|Any CPU
		{17688E09-BB69-4597-828B-3A903FB59F62}.Release|Mixed Platforms.Build.0 = Release|Any CPU
		{17688E09-BB69-4597-828B-3A903FB59F62}.Release|x86.ActiveCfg = Release|Any CPU
		{6F657DBD-F4E0-4DE7-B6B3-C5B9A8EE9C2C}.Debug|Any CPU.ActiveCfg = Debug|Any CPU
		{6F657DBD-F4E0-4DE7-B6B3-C5B9A8EE9C2C}.Debug|Any CPU.Build.0 = Debug|Any CPU
		{6F657DBD-F4E0-4DE7-B6B3-C5B9A8EE9C2C}.Debug|Mixed Platforms.ActiveCfg = Debug|Any CPU
		{6F657DBD-F4E0-4DE7-B6B3-C5B9A8EE9C2C}.Debug|Mixed Platforms.Build.0 = Debug|Any CPU
		{6F657DBD-F4E0-4DE7-B6B3-C5B9A8EE9C2C}.Debug|x86.ActiveCfg = Debug|Any CPU
		{6F657DBD-F4E0-4DE7-B6B3-C5B9A8EE9C2C}.Release|Any CPU.ActiveCfg = Release|Any CPU
		{6F657DBD-F4E0-4DE7-B6B3-C5B9A8EE9C2C}.Release|Any CPU.Build.0 = Release|Any CPU
		{6F657DBD-F4E0-4DE7-B6B3-C5B9A8EE9C2C}.Release|Mixed Platforms.ActiveCfg = Release|Any CPU
		{6F657DBD-F4E0-4DE7-B6B3-C5B9A8EE9C2C}.Release|Mixed Platforms.Build.0 = Release|Any CPU
		{6F657DBD-F4E0-4DE7-B6B3-C5B9A8EE9C2C}.Release|x86.ActiveCfg = Release|Any CPU
		{61CFAF23-F1D1-4A57-AA7A-CC6E982C0561}.Debug|Any CPU.ActiveCfg = Debug|Any CPU
		{61CFAF23-F1D1-4A57-AA7A-CC6E982C0561}.Debug|Any CPU.Build.0 = Debug|Any CPU
		{61CFAF23-F1D1-4A57-AA7A-CC6E982C0561}.Debug|Mixed Platforms.ActiveCfg = Debug|Any CPU
		{61CFAF23-F1D1-4A57-AA7A-CC6E982C0561}.Debug|Mixed Platforms.Build.0 = Debug|Any CPU
		{61CFAF23-F1D1-4A57-AA7A-CC6E982C0561}.Debug|x86.ActiveCfg = Debug|Any CPU
		{61CFAF23-F1D1-4A57-AA7A-CC6E982C0561}.Release|Any CPU.ActiveCfg = Release|Any CPU
		{61CFAF23-F1D1-4A57-AA7A-CC6E982C0561}.Release|Any CPU.Build.0 = Release|Any CPU
		{61CFAF23-F1D1-4A57-AA7A-CC6E982C0561}.Release|Mixed Platforms.ActiveCfg = Release|Any CPU
		{61CFAF23-F1D1-4A57-AA7A-CC6E982C0561}.Release|Mixed Platforms.Build.0 = Release|Any CPU
		{61CFAF23-F1D1-4A57-AA7A-CC6E982C0561}.Release|x86.ActiveCfg = Release|Any CPU
		{D3776E45-E1C4-4570-894F-4CBDF3C80BBD}.Debug|Any CPU.ActiveCfg = Debug|Any CPU
		{D3776E45-E1C4-4570-894F-4CBDF3C80BBD}.Debug|Any CPU.Build.0 = Debug|Any CPU
		{D3776E45-E1C4-4570-894F-4CBDF3C80BBD}.Debug|Mixed Platforms.ActiveCfg = Debug|Any CPU
		{D3776E45-E1C4-4570-894F-4CBDF3C80BBD}.Debug|Mixed Platforms.Build.0 = Debug|Any CPU
		{D3776E45-E1C4-4570-894F-4CBDF3C80BBD}.Debug|x86.ActiveCfg = Debug|Any CPU
		{D3776E45-E1C4-4570-894F-4CBDF3C80BBD}.Release|Any CPU.ActiveCfg = Release|Any CPU
		{D3776E45-E1C4-4570-894F-4CBDF3C80BBD}.Release|Any CPU.Build.0 = Release|Any CPU
		{D3776E45-E1C4-4570-894F-4CBDF3C80BBD}.Release|Mixed Platforms.ActiveCfg = Release|Any CPU
		{D3776E45-E1C4-4570-894F-4CBDF3C80BBD}.Release|Mixed Platforms.Build.0 = Release|Any CPU
		{D3776E45-E1C4-4570-894F-4CBDF3C80BBD}.Release|x86.ActiveCfg = Release|Any CPU
		{EE7A5FD8-6340-47D9-8871-A2786D73BCA5}.Debug|Any CPU.ActiveCfg = Debug|Any CPU
		{EE7A5FD8-6340-47D9-8871-A2786D73BCA5}.Debug|Any CPU.Build.0 = Debug|Any CPU
		{EE7A5FD8-6340-47D9-8871-A2786D73BCA5}.Debug|Mixed Platforms.ActiveCfg = Debug|Any CPU
		{EE7A5FD8-6340-47D9-8871-A2786D73BCA5}.Debug|Mixed Platforms.Build.0 = Debug|Any CPU
		{EE7A5FD8-6340-47D9-8871-A2786D73BCA5}.Debug|x86.ActiveCfg = Debug|Any CPU
		{EE7A5FD8-6340-47D9-8871-A2786D73BCA5}.Release|Any CPU.ActiveCfg = Release|Any CPU
		{EE7A5FD8-6340-47D9-8871-A2786D73BCA5}.Release|Any CPU.Build.0 = Release|Any CPU
		{EE7A5FD8-6340-47D9-8871-A2786D73BCA5}.Release|Mixed Platforms.ActiveCfg = Release|Any CPU
		{EE7A5FD8-6340-47D9-8871-A2786D73BCA5}.Release|Mixed Platforms.Build.0 = Release|Any CPU
		{EE7A5FD8-6340-47D9-8871-A2786D73BCA5}.Release|x86.ActiveCfg = Release|Any CPU
		{25318508-2556-439E-81EB-C582DE681CB5}.Debug|Any CPU.ActiveCfg = Debug|Any CPU
		{25318508-2556-439E-81EB-C582DE681CB5}.Debug|Any CPU.Build.0 = Debug|Any CPU
		{25318508-2556-439E-81EB-C582DE681CB5}.Debug|Mixed Platforms.ActiveCfg = Debug|Any CPU
		{25318508-2556-439E-81EB-C582DE681CB5}.Debug|Mixed Platforms.Build.0 = Debug|Any CPU
		{25318508-2556-439E-81EB-C582DE681CB5}.Debug|x86.ActiveCfg = Debug|Any CPU
		{25318508-2556-439E-81EB-C582DE681CB5}.Release|Any CPU.ActiveCfg = Release|Any CPU
		{25318508-2556-439E-81EB-C582DE681CB5}.Release|Any CPU.Build.0 = Release|Any CPU
		{25318508-2556-439E-81EB-C582DE681CB5}.Release|Mixed Platforms.ActiveCfg = Release|Any CPU
		{25318508-2556-439E-81EB-C582DE681CB5}.Release|Mixed Platforms.Build.0 = Release|Any CPU
		{25318508-2556-439E-81EB-C582DE681CB5}.Release|x86.ActiveCfg = Release|Any CPU
		{2FD3D1A6-1154-4677-A960-29DA633FFACC}.Debug|Any CPU.ActiveCfg = Debug|Any CPU
		{2FD3D1A6-1154-4677-A960-29DA633FFACC}.Debug|Any CPU.Build.0 = Debug|Any CPU
		{2FD3D1A6-1154-4677-A960-29DA633FFACC}.Debug|Mixed Platforms.ActiveCfg = Debug|Any CPU
		{2FD3D1A6-1154-4677-A960-29DA633FFACC}.Debug|Mixed Platforms.Build.0 = Debug|Any CPU
		{2FD3D1A6-1154-4677-A960-29DA633FFACC}.Debug|x86.ActiveCfg = Debug|Any CPU
		{2FD3D1A6-1154-4677-A960-29DA633FFACC}.Release|Any CPU.ActiveCfg = Release|Any CPU
		{2FD3D1A6-1154-4677-A960-29DA633FFACC}.Release|Any CPU.Build.0 = Release|Any CPU
		{2FD3D1A6-1154-4677-A960-29DA633FFACC}.Release|Mixed Platforms.ActiveCfg = Release|Any CPU
		{2FD3D1A6-1154-4677-A960-29DA633FFACC}.Release|Mixed Platforms.Build.0 = Release|Any CPU
		{2FD3D1A6-1154-4677-A960-29DA633FFACC}.Release|x86.ActiveCfg = Release|Any CPU
		{92E31FA4-E1B5-4D4D-B9CF-00C647F109B5}.Debug|Any CPU.ActiveCfg = Debug|Any CPU
		{92E31FA4-E1B5-4D4D-B9CF-00C647F109B5}.Debug|Any CPU.Build.0 = Debug|Any CPU
		{92E31FA4-E1B5-4D4D-B9CF-00C647F109B5}.Debug|Mixed Platforms.ActiveCfg = Debug|Any CPU
		{92E31FA4-E1B5-4D4D-B9CF-00C647F109B5}.Debug|Mixed Platforms.Build.0 = Debug|Any CPU
		{92E31FA4-E1B5-4D4D-B9CF-00C647F109B5}.Debug|x86.ActiveCfg = Debug|Any CPU
		{92E31FA4-E1B5-4D4D-B9CF-00C647F109B5}.Release|Any CPU.ActiveCfg = Release|Any CPU
		{92E31FA4-E1B5-4D4D-B9CF-00C647F109B5}.Release|Any CPU.Build.0 = Release|Any CPU
		{92E31FA4-E1B5-4D4D-B9CF-00C647F109B5}.Release|Mixed Platforms.ActiveCfg = Release|Any CPU
		{92E31FA4-E1B5-4D4D-B9CF-00C647F109B5}.Release|Mixed Platforms.Build.0 = Release|Any CPU
		{92E31FA4-E1B5-4D4D-B9CF-00C647F109B5}.Release|x86.ActiveCfg = Release|Any CPU
		{D762D873-6E3C-42B6-A67E-62428D4384FD}.Debug|Any CPU.ActiveCfg = Debug|Any CPU
		{D762D873-6E3C-42B6-A67E-62428D4384FD}.Debug|Any CPU.Build.0 = Debug|Any CPU
		{D762D873-6E3C-42B6-A67E-62428D4384FD}.Debug|Mixed Platforms.ActiveCfg = Debug|Any CPU
		{D762D873-6E3C-42B6-A67E-62428D4384FD}.Debug|Mixed Platforms.Build.0 = Debug|Any CPU
		{D762D873-6E3C-42B6-A67E-62428D4384FD}.Debug|x86.ActiveCfg = Debug|Any CPU
		{D762D873-6E3C-42B6-A67E-62428D4384FD}.Release|Any CPU.ActiveCfg = Release|Any CPU
		{D762D873-6E3C-42B6-A67E-62428D4384FD}.Release|Any CPU.Build.0 = Release|Any CPU
		{D762D873-6E3C-42B6-A67E-62428D4384FD}.Release|Mixed Platforms.ActiveCfg = Release|Any CPU
		{D762D873-6E3C-42B6-A67E-62428D4384FD}.Release|Mixed Platforms.Build.0 = Release|Any CPU
		{D762D873-6E3C-42B6-A67E-62428D4384FD}.Release|x86.ActiveCfg = Release|Any CPU
	EndGlobalSection
	GlobalSection(SolutionProperties) = preSolution
		HideSolutionNode = FALSE
	EndGlobalSection
EndGlobal
